// !$*UTF8*$!
{
	archiveVersion = 1;
	classes = {
	};
	objectVersion = 46;
	objects = {

/* Begin PBXBuildFile section */
		3A6950351DC4F75500735F6A /* AppDelegate.swift in Sources */ = {isa = PBXBuildFile; fileRef = 3A6950341DC4F75500735F6A /* AppDelegate.swift */; };
		3A6950371DC4F75500735F6A /* ViewController.swift in Sources */ = {isa = PBXBuildFile; fileRef = 3A6950361DC4F75500735F6A /* ViewController.swift */; };
		3A69503A1DC4F75500735F6A /* Main.storyboard in Resources */ = {isa = PBXBuildFile; fileRef = 3A6950381DC4F75500735F6A /* Main.storyboard */; };
		3A69503C1DC4F75500735F6A /* Assets.xcassets in Resources */ = {isa = PBXBuildFile; fileRef = 3A69503B1DC4F75500735F6A /* Assets.xcassets */; };
		3A69503F1DC4F75500735F6A /* LaunchScreen.storyboard in Resources */ = {isa = PBXBuildFile; fileRef = 3A69503D1DC4F75500735F6A /* LaunchScreen.storyboard */; };
		3A69504A1DC4F75500735F6A /* BladeTests.swift in Sources */ = {isa = PBXBuildFile; fileRef = 3A6950491DC4F75500735F6A /* BladeTests.swift */; };
		3A6950551DC4F75500735F6A /* BladeUITests.swift in Sources */ = {isa = PBXBuildFile; fileRef = 3A6950541DC4F75500735F6A /* BladeUITests.swift */; };
		3A6950631DC4FA0D00735F6A /* GameViewController.swift in Sources */ = {isa = PBXBuildFile; fileRef = 3A6950621DC4FA0D00735F6A /* GameViewController.swift */; };
		3A6950661DC4FB9900735F6A /* Board.swift in Sources */ = {isa = PBXBuildFile; fileRef = 3A6950651DC4FB9900735F6A /* Board.swift */; };
		3A8747B31DC56D000040C699 /* BLOODY.TTF in Resources */ = {isa = PBXBuildFile; fileRef = 3A8747B21DC56D000040C699 /* BLOODY.TTF */; };
/* End PBXBuildFile section */

/* Begin PBXContainerItemProxy section */
		3A6950461DC4F75500735F6A /* PBXContainerItemProxy */ = {
			isa = PBXContainerItemProxy;
			containerPortal = 3A6950291DC4F75500735F6A /* Project object */;
			proxyType = 1;
			remoteGlobalIDString = 3A6950301DC4F75500735F6A;
			remoteInfo = Blade;
		};
		3A6950511DC4F75500735F6A /* PBXContainerItemProxy */ = {
			isa = PBXContainerItemProxy;
			containerPortal = 3A6950291DC4F75500735F6A /* Project object */;
			proxyType = 1;
			remoteGlobalIDString = 3A6950301DC4F75500735F6A;
			remoteInfo = Blade;
		};
/* End PBXContainerItemProxy section */

/* Begin PBXFileReference section */
		3A6950311DC4F75500735F6A /* Blade.app */ = {isa = PBXFileReference; explicitFileType = wrapper.application; includeInIndex = 0; path = Blade.app; sourceTree = BUILT_PRODUCTS_DIR; };
		3A6950341DC4F75500735F6A /* AppDelegate.swift */ = {isa = PBXFileReference; lastKnownFileType = sourcecode.swift; path = AppDelegate.swift; sourceTree = "<group>"; };
		3A6950361DC4F75500735F6A /* ViewController.swift */ = {isa = PBXFileReference; lastKnownFileType = sourcecode.swift; path = ViewController.swift; sourceTree = "<group>"; };
		3A6950391DC4F75500735F6A /* Base */ = {isa = PBXFileReference; lastKnownFileType = file.storyboard; name = Base; path = Base.lproj/Main.storyboard; sourceTree = "<group>"; };
		3A69503B1DC4F75500735F6A /* Assets.xcassets */ = {isa = PBXFileReference; lastKnownFileType = folder.assetcatalog; path = Assets.xcassets; sourceTree = "<group>"; };
		3A69503E1DC4F75500735F6A /* Base */ = {isa = PBXFileReference; lastKnownFileType = file.storyboard; name = Base; path = Base.lproj/LaunchScreen.storyboard; sourceTree = "<group>"; };
		3A6950401DC4F75500735F6A /* Info.plist */ = {isa = PBXFileReference; lastKnownFileType = text.plist.xml; path = Info.plist; sourceTree = "<group>"; };
		3A6950451DC4F75500735F6A /* BladeTests.xctest */ = {isa = PBXFileReference; explicitFileType = wrapper.cfbundle; includeInIndex = 0; path = BladeTests.xctest; sourceTree = BUILT_PRODUCTS_DIR; };
		3A6950491DC4F75500735F6A /* BladeTests.swift */ = {isa = PBXFileReference; lastKnownFileType = sourcecode.swift; path = BladeTests.swift; sourceTree = "<group>"; };
		3A69504B1DC4F75500735F6A /* Info.plist */ = {isa = PBXFileReference; lastKnownFileType = text.plist.xml; path = Info.plist; sourceTree = "<group>"; };
		3A6950501DC4F75500735F6A /* BladeUITests.xctest */ = {isa = PBXFileReference; explicitFileType = wrapper.cfbundle; includeInIndex = 0; path = BladeUITests.xctest; sourceTree = BUILT_PRODUCTS_DIR; };
		3A6950541DC4F75500735F6A /* BladeUITests.swift */ = {isa = PBXFileReference; lastKnownFileType = sourcecode.swift; path = BladeUITests.swift; sourceTree = "<group>"; };
		3A6950561DC4F75500735F6A /* Info.plist */ = {isa = PBXFileReference; lastKnownFileType = text.plist.xml; path = Info.plist; sourceTree = "<group>"; };
		3A6950621DC4FA0D00735F6A /* GameViewController.swift */ = {isa = PBXFileReference; fileEncoding = 4; lastKnownFileType = sourcecode.swift; path = GameViewController.swift; sourceTree = "<group>"; };
		3A6950651DC4FB9900735F6A /* Board.swift */ = {isa = PBXFileReference; fileEncoding = 4; lastKnownFileType = sourcecode.swift; path = Board.swift; sourceTree = "<group>"; };
		3A8747B21DC56D000040C699 /* BLOODY.TTF */ = {isa = PBXFileReference; lastKnownFileType = file; path = BLOODY.TTF; sourceTree = "<group>"; };
/* End PBXFileReference section */

/* Begin PBXFrameworksBuildPhase section */
		3A69502E1DC4F75500735F6A /* Frameworks */ = {
			isa = PBXFrameworksBuildPhase;
			buildActionMask = 2147483647;
			files = (
			);
			runOnlyForDeploymentPostprocessing = 0;
		};
		3A6950421DC4F75500735F6A /* Frameworks */ = {
			isa = PBXFrameworksBuildPhase;
			buildActionMask = 2147483647;
			files = (
			);
			runOnlyForDeploymentPostprocessing = 0;
		};
		3A69504D1DC4F75500735F6A /* Frameworks */ = {
			isa = PBXFrameworksBuildPhase;
			buildActionMask = 2147483647;
			files = (
			);
			runOnlyForDeploymentPostprocessing = 0;
		};
/* End PBXFrameworksBuildPhase section */

/* Begin PBXGroup section */
		3A6950281DC4F75500735F6A = {
			isa = PBXGroup;
			children = (
				3A6950331DC4F75500735F6A /* Blade */,
				3A6950481DC4F75500735F6A /* BladeTests */,
				3A6950531DC4F75500735F6A /* BladeUITests */,
				3A6950321DC4F75500735F6A /* Products */,
			);
			sourceTree = "<group>";
		};
		3A6950321DC4F75500735F6A /* Products */ = {
			isa = PBXGroup;
			children = (
				3A6950311DC4F75500735F6A /* Blade.app */,
				3A6950451DC4F75500735F6A /* BladeTests.xctest */,
				3A6950501DC4F75500735F6A /* BladeUITests.xctest */,
			);
			name = Products;
			sourceTree = "<group>";
		};
		3A6950331DC4F75500735F6A /* Blade */ = {
			isa = PBXGroup;
			children = (
				3A6950361DC4F75500735F6A /* ViewController.swift */,
				3A6950651DC4FB9900735F6A /* Board.swift */,
				3A6950621DC4FA0D00735F6A /* GameViewController.swift */,
				3A6950381DC4F75500735F6A /* Main.storyboard */,
				3A6950641DC4FA1B00735F6A /* Misc */,
			);
			path = Blade;
			sourceTree = "<group>";
		};
		3A6950481DC4F75500735F6A /* BladeTests */ = {
			isa = PBXGroup;
			children = (
				3A6950491DC4F75500735F6A /* BladeTests.swift */,
				3A69504B1DC4F75500735F6A /* Info.plist */,
			);
			path = BladeTests;
			sourceTree = "<group>";
		};
		3A6950531DC4F75500735F6A /* BladeUITests */ = {
			isa = PBXGroup;
			children = (
				3A6950541DC4F75500735F6A /* BladeUITests.swift */,
				3A6950561DC4F75500735F6A /* Info.plist */,
			);
			path = BladeUITests;
			sourceTree = "<group>";
		};
		3A6950641DC4FA1B00735F6A /* Misc */ = {
			isa = PBXGroup;
			children = (
				3A8747B21DC56D000040C699 /* BLOODY.TTF */,
				3A6950341DC4F75500735F6A /* AppDelegate.swift */,
				3A69503B1DC4F75500735F6A /* Assets.xcassets */,
				3A69503D1DC4F75500735F6A /* LaunchScreen.storyboard */,
				3A6950401DC4F75500735F6A /* Info.plist */,
			);
			name = Misc;
			sourceTree = "<group>";
		};
/* End PBXGroup section */

/* Begin PBXNativeTarget section */
		3A6950301DC4F75500735F6A /* Blade */ = {
			isa = PBXNativeTarget;
			buildConfigurationList = 3A6950591DC4F75500735F6A /* Build configuration list for PBXNativeTarget "Blade" */;
			buildPhases = (
				3A69502D1DC4F75500735F6A /* Sources */,
				3A69502E1DC4F75500735F6A /* Frameworks */,
				3A69502F1DC4F75500735F6A /* Resources */,
			);
			buildRules = (
			);
			dependencies = (
			);
			name = Blade;
			productName = Blade;
			productReference = 3A6950311DC4F75500735F6A /* Blade.app */;
			productType = "com.apple.product-type.application";
		};
		3A6950441DC4F75500735F6A /* BladeTests */ = {
			isa = PBXNativeTarget;
			buildConfigurationList = 3A69505C1DC4F75500735F6A /* Build configuration list for PBXNativeTarget "BladeTests" */;
			buildPhases = (
				3A6950411DC4F75500735F6A /* Sources */,
				3A6950421DC4F75500735F6A /* Frameworks */,
				3A6950431DC4F75500735F6A /* Resources */,
			);
			buildRules = (
			);
			dependencies = (
				3A6950471DC4F75500735F6A /* PBXTargetDependency */,
			);
			name = BladeTests;
			productName = BladeTests;
			productReference = 3A6950451DC4F75500735F6A /* BladeTests.xctest */;
			productType = "com.apple.product-type.bundle.unit-test";
		};
		3A69504F1DC4F75500735F6A /* BladeUITests */ = {
			isa = PBXNativeTarget;
			buildConfigurationList = 3A69505F1DC4F75500735F6A /* Build configuration list for PBXNativeTarget "BladeUITests" */;
			buildPhases = (
				3A69504C1DC4F75500735F6A /* Sources */,
				3A69504D1DC4F75500735F6A /* Frameworks */,
				3A69504E1DC4F75500735F6A /* Resources */,
			);
			buildRules = (
			);
			dependencies = (
				3A6950521DC4F75500735F6A /* PBXTargetDependency */,
			);
			name = BladeUITests;
			productName = BladeUITests;
			productReference = 3A6950501DC4F75500735F6A /* BladeUITests.xctest */;
			productType = "com.apple.product-type.bundle.ui-testing";
		};
/* End PBXNativeTarget section */

/* Begin PBXProject section */
		3A6950291DC4F75500735F6A /* Project object */ = {
			isa = PBXProject;
			attributes = {
				LastSwiftUpdateCheck = 0800;
				LastUpgradeCheck = 0800;
				ORGANIZATIONNAME = TStevensonApps;
				TargetAttributes = {
					3A6950301DC4F75500735F6A = {
						CreatedOnToolsVersion = 8.0;
						DevelopmentTeam = Q443KXN5V7;
						ProvisioningStyle = Automatic;
					};
					3A6950441DC4F75500735F6A = {
						CreatedOnToolsVersion = 8.0;
						ProvisioningStyle = Automatic;
						TestTargetID = 3A6950301DC4F75500735F6A;
					};
					3A69504F1DC4F75500735F6A = {
						CreatedOnToolsVersion = 8.0;
						ProvisioningStyle = Automatic;
						TestTargetID = 3A6950301DC4F75500735F6A;
					};
				};
			};
			buildConfigurationList = 3A69502C1DC4F75500735F6A /* Build configuration list for PBXProject "Blade" */;
			compatibilityVersion = "Xcode 3.2";
			developmentRegion = English;
			hasScannedForEncodings = 0;
			knownRegions = (
				en,
				Base,
			);
			mainGroup = 3A6950281DC4F75500735F6A;
			productRefGroup = 3A6950321DC4F75500735F6A /* Products */;
			projectDirPath = "";
			projectRoot = "";
			targets = (
				3A6950301DC4F75500735F6A /* Blade */,
				3A6950441DC4F75500735F6A /* BladeTests */,
				3A69504F1DC4F75500735F6A /* BladeUITests */,
			);
		};
/* End PBXProject section */

/* Begin PBXResourcesBuildPhase section */
		3A69502F1DC4F75500735F6A /* Resources */ = {
			isa = PBXResourcesBuildPhase;
			buildActionMask = 2147483647;
			files = (
				3A69503F1DC4F75500735F6A /* LaunchScreen.storyboard in Resources */,
				3A69503C1DC4F75500735F6A /* Assets.xcassets in Resources */,
				3A69503A1DC4F75500735F6A /* Main.storyboard in Resources */,
				3A8747B31DC56D000040C699 /* BLOODY.TTF in Resources */,
			);
			runOnlyForDeploymentPostprocessing = 0;
		};
		3A6950431DC4F75500735F6A /* Resources */ = {
			isa = PBXResourcesBuildPhase;
			buildActionMask = 2147483647;
			files = (
			);
			runOnlyForDeploymentPostprocessing = 0;
		};
		3A69504E1DC4F75500735F6A /* Resources */ = {
			isa = PBXResourcesBuildPhase;
			buildActionMask = 2147483647;
			files = (
			);
			runOnlyForDeploymentPostprocessing = 0;
		};
/* End PBXResourcesBuildPhase section */

/* Begin PBXSourcesBuildPhase section */
		3A69502D1DC4F75500735F6A /* Sources */ = {
			isa = PBXSourcesBuildPhase;
			buildActionMask = 2147483647;
			files = (
				3A6950371DC4F75500735F6A /* ViewController.swift in Sources */,
				3A6950631DC4FA0D00735F6A /* GameViewController.swift in Sources */,
				3A6950661DC4FB9900735F6A /* Board.swift in Sources */,
				3A6950351DC4F75500735F6A /* AppDelegate.swift in Sources */,
			);
			runOnlyForDeploymentPostprocessing = 0;
		};
		3A6950411DC4F75500735F6A /* Sources */ = {
			isa = PBXSourcesBuildPhase;
			buildActionMask = 2147483647;
			files = (
				3A69504A1DC4F75500735F6A /* BladeTests.swift in Sources */,
			);
			runOnlyForDeploymentPostprocessing = 0;
		};
		3A69504C1DC4F75500735F6A /* Sources */ = {
			isa = PBXSourcesBuildPhase;
			buildActionMask = 2147483647;
			files = (
				3A6950551DC4F75500735F6A /* BladeUITests.swift in Sources */,
			);
			runOnlyForDeploymentPostprocessing = 0;
		};
/* End PBXSourcesBuildPhase section */

/* Begin PBXTargetDependency section */
		3A6950471DC4F75500735F6A /* PBXTargetDependency */ = {
			isa = PBXTargetDependency;
			target = 3A6950301DC4F75500735F6A /* Blade */;
			targetProxy = 3A6950461DC4F75500735F6A /* PBXContainerItemProxy */;
		};
		3A6950521DC4F75500735F6A /* PBXTargetDependency */ = {
			isa = PBXTargetDependency;
			target = 3A6950301DC4F75500735F6A /* Blade */;
			targetProxy = 3A6950511DC4F75500735F6A /* PBXContainerItemProxy */;
		};
/* End PBXTargetDependency section */

/* Begin PBXVariantGroup section */
		3A6950381DC4F75500735F6A /* Main.storyboard */ = {
			isa = PBXVariantGroup;
			children = (
				3A6950391DC4F75500735F6A /* Base */,
			);
			name = Main.storyboard;
			sourceTree = "<group>";
		};
		3A69503D1DC4F75500735F6A /* LaunchScreen.storyboard */ = {
			isa = PBXVariantGroup;
			children = (
				3A69503E1DC4F75500735F6A /* Base */,
			);
			name = LaunchScreen.storyboard;
			sourceTree = "<group>";
		};
/* End PBXVariantGroup section */

/* Begin XCBuildConfiguration section */
		3A6950571DC4F75500735F6A /* Debug */ = {
			isa = XCBuildConfiguration;
			buildSettings = {
				ALWAYS_SEARCH_USER_PATHS = NO;
				CLANG_ANALYZER_NONNULL = YES;
				CLANG_CXX_LANGUAGE_STANDARD = "gnu++0x";
				CLANG_CXX_LIBRARY = "libc++";
				CLANG_ENABLE_MODULES = YES;
				CLANG_ENABLE_OBJC_ARC = YES;
				CLANG_WARN_BOOL_CONVERSION = YES;
				CLANG_WARN_CONSTANT_CONVERSION = YES;
				CLANG_WARN_DIRECT_OBJC_ISA_USAGE = YES_ERROR;
				CLANG_WARN_DOCUMENTATION_COMMENTS = YES;
				CLANG_WARN_EMPTY_BODY = YES;
				CLANG_WARN_ENUM_CONVERSION = YES;
				CLANG_WARN_INFINITE_RECURSION = YES;
				CLANG_WARN_INT_CONVERSION = YES;
				CLANG_WARN_OBJC_ROOT_CLASS = YES_ERROR;
				CLANG_WARN_SUSPICIOUS_MOVES = YES;
				CLANG_WARN_UNREACHABLE_CODE = YES;
				CLANG_WARN__DUPLICATE_METHOD_MATCH = YES;
				"CODE_SIGN_IDENTITY[sdk=iphoneos*]" = "iPhone Developer";
				COPY_PHASE_STRIP = NO;
				DEBUG_INFORMATION_FORMAT = dwarf;
				ENABLE_STRICT_OBJC_MSGSEND = YES;
				ENABLE_TESTABILITY = YES;
				GCC_C_LANGUAGE_STANDARD = gnu99;
				GCC_DYNAMIC_NO_PIC = NO;
				GCC_NO_COMMON_BLOCKS = YES;
				GCC_OPTIMIZATION_LEVEL = 0;
				GCC_PREPROCESSOR_DEFINITIONS = (
					"DEBUG=1",
					"$(inherited)",
				);
				GCC_WARN_64_TO_32_BIT_CONVERSION = YES;
				GCC_WARN_ABOUT_RETURN_TYPE = YES_ERROR;
				GCC_WARN_UNDECLARED_SELECTOR = YES;
				GCC_WARN_UNINITIALIZED_AUTOS = YES_AGGRESSIVE;
				GCC_WARN_UNUSED_FUNCTION = YES;
				GCC_WARN_UNUSED_VARIABLE = YES;
				IPHONEOS_DEPLOYMENT_TARGET = 10.0;
				MTL_ENABLE_DEBUG_INFO = YES;
				ONLY_ACTIVE_ARCH = YES;
				SDKROOT = iphoneos;
				SWIFT_ACTIVE_COMPILATION_CONDITIONS = DEBUG;
				SWIFT_OPTIMIZATION_LEVEL = "-Onone";
				TARGETED_DEVICE_FAMILY = "1,2";
			};
			name = Debug;
		};
		3A6950581DC4F75500735F6A /* Release */ = {
			isa = XCBuildConfiguration;
			buildSettings = {
				ALWAYS_SEARCH_USER_PATHS = NO;
				CLANG_ANALYZER_NONNULL = YES;
				CLANG_CXX_LANGUAGE_STANDARD = "gnu++0x";
				CLANG_CXX_LIBRARY = "libc++";
				CLANG_ENABLE_MODULES = YES;
				CLANG_ENABLE_OBJC_ARC = YES;
				CLANG_WARN_BOOL_CONVERSION = YES;
				CLANG_WARN_CONSTANT_CONVERSION = YES;
				CLANG_WARN_DIRECT_OBJC_ISA_USAGE = YES_ERROR;
				CLANG_WARN_DOCUMENTATION_COMMENTS = YES;
				CLANG_WARN_EMPTY_BODY = YES;
				CLANG_WARN_ENUM_CONVERSION = YES;
				CLANG_WARN_INFINITE_RECURSION = YES;
				CLANG_WARN_INT_CONVERSION = YES;
				CLANG_WARN_OBJC_ROOT_CLASS = YES_ERROR;
				CLANG_WARN_SUSPICIOUS_MOVES = YES;
				CLANG_WARN_UNREACHABLE_CODE = YES;
				CLANG_WARN__DUPLICATE_METHOD_MATCH = YES;
				"CODE_SIGN_IDENTITY[sdk=iphoneos*]" = "iPhone Developer";
				COPY_PHASE_STRIP = NO;
				DEBUG_INFORMATION_FORMAT = "dwarf-with-dsym";
				ENABLE_NS_ASSERTIONS = NO;
				ENABLE_STRICT_OBJC_MSGSEND = YES;
				GCC_C_LANGUAGE_STANDARD = gnu99;
				GCC_NO_COMMON_BLOCKS = YES;
				GCC_WARN_64_TO_32_BIT_CONVERSION = YES;
				GCC_WARN_ABOUT_RETURN_TYPE = YES_ERROR;
				GCC_WARN_UNDECLARED_SELECTOR = YES;
				GCC_WARN_UNINITIALIZED_AUTOS = YES_AGGRESSIVE;
				GCC_WARN_UNUSED_FUNCTION = YES;
				GCC_WARN_UNUSED_VARIABLE = YES;
				IPHONEOS_DEPLOYMENT_TARGET = 10.0;
				MTL_ENABLE_DEBUG_INFO = NO;
				SDKROOT = iphoneos;
				SWIFT_OPTIMIZATION_LEVEL = "-Owholemodule";
				TARGETED_DEVICE_FAMILY = "1,2";
				VALIDATE_PRODUCT = YES;
			};
			name = Release;
		};
		3A69505A1DC4F75500735F6A /* Debug */ = {
			isa = XCBuildConfiguration;
			buildSettings = {
				ASSETCATALOG_COMPILER_APPICON_NAME = AppIcon;
				DEVELOPMENT_TEAM = Q443KXN5V7;
				INFOPLIST_FILE = Blade/Info.plist;
				LD_RUNPATH_SEARCH_PATHS = "$(inherited) @executable_path/Frameworks";
				PRODUCT_BUNDLE_IDENTIFIER = com.TStevensonApps.Blade;
				PRODUCT_NAME = "$(TARGET_NAME)";
				SWIFT_VERSION = 3.0;
				TARGETED_DEVICE_FAMILY = 1;
			};
			name = Debug;
		};
		3A69505B1DC4F75500735F6A /* Release */ = {
			isa = XCBuildConfiguration;
			buildSettings = {
				ASSETCATALOG_COMPILER_APPICON_NAME = AppIcon;
				DEVELOPMENT_TEAM = Q443KXN5V7;
				INFOPLIST_FILE = Blade/Info.plist;
				LD_RUNPATH_SEARCH_PATHS = "$(inherited) @executable_path/Frameworks";
				PRODUCT_BUNDLE_IDENTIFIER = com.TStevensonApps.Blade;
				PRODUCT_NAME = "$(TARGET_NAME)";
				SWIFT_VERSION = 3.0;
				TARGETED_DEVICE_FAMILY = 1;
			};
			name = Release;
		};
		3A69505D1DC4F75500735F6A /* Debug */ = {
			isa = XCBuildConfiguration;
			buildSettings = {
				ALWAYS_EMBED_SWIFT_STANDARD_LIBRARIES = YES;
				BUNDLE_LOADER = "$(TEST_HOST)";
				INFOPLIST_FILE = BladeTests/Info.plist;
				LD_RUNPATH_SEARCH_PATHS = "$(inherited) @executable_path/Frameworks @loader_path/Frameworks";
				PRODUCT_BUNDLE_IDENTIFIER = com.TStevensonApps.BladeTests;
				PRODUCT_NAME = "$(TARGET_NAME)";
				SWIFT_VERSION = 3.0;
				TEST_HOST = "$(BUILT_PRODUCTS_DIR)/Blade.app/Blade";
			};
			name = Debug;
		};
		3A69505E1DC4F75500735F6A /* Release */ = {
			isa = XCBuildConfiguration;
			buildSettings = {
				ALWAYS_EMBED_SWIFT_STANDARD_LIBRARIES = YES;
				BUNDLE_LOADER = "$(TEST_HOST)";
				INFOPLIST_FILE = BladeTests/Info.plist;
				LD_RUNPATH_SEARCH_PATHS = "$(inherited) @executable_path/Frameworks @loader_path/Frameworks";
				PRODUCT_BUNDLE_IDENTIFIER = com.TStevensonApps.BladeTests;
				PRODUCT_NAME = "$(TARGET_NAME)";
				SWIFT_VERSION = 3.0;
				TEST_HOST = "$(BUILT_PRODUCTS_DIR)/Blade.app/Blade";
			};
			name = Release;
		};
		3A6950601DC4F75500735F6A /* Debug */ = {
			isa = XCBuildConfiguration;
			buildSettings = {
				ALWAYS_EMBED_SWIFT_STANDARD_LIBRARIES = YES;
				INFOPLIST_FILE = BladeUITests/Info.plist;
				LD_RUNPATH_SEARCH_PATHS = "$(inherited) @executable_path/Frameworks @loader_path/Frameworks";
				PRODUCT_BUNDLE_IDENTIFIER = com.TStevensonApps.BladeUITests;
				PRODUCT_NAME = "$(TARGET_NAME)";
				SWIFT_VERSION = 3.0;
				TEST_TARGET_NAME = Blade;
			};
			name = Debug;
		};
		3A6950611DC4F75500735F6A /* Release */ = {
			isa = XCBuildConfiguration;
			buildSettings = {
				ALWAYS_EMBED_SWIFT_STANDARD_LIBRARIES = YES;
				INFOPLIST_FILE = BladeUITests/Info.plist;
				LD_RUNPATH_SEARCH_PATHS = "$(inherited) @executable_path/Frameworks @loader_path/Frameworks";
				PRODUCT_BUNDLE_IDENTIFIER = com.TStevensonApps.BladeUITests;
				PRODUCT_NAME = "$(TARGET_NAME)";
				SWIFT_VERSION = 3.0;
				TEST_TARGET_NAME = Blade;
			};
			name = Release;
		};
/* End XCBuildConfiguration section */

/* Begin XCConfigurationList section */
		3A69502C1DC4F75500735F6A /* Build configuration list for PBXProject "Blade" */ = {
			isa = XCConfigurationList;
			buildConfigurations = (
				3A6950571DC4F75500735F6A /* Debug */,
				3A6950581DC4F75500735F6A /* Release */,
			);
			defaultConfigurationIsVisible = 0;
			defaultConfigurationName = Release;
		};
		3A6950591DC4F75500735F6A /* Build configuration list for PBXNativeTarget "Blade" */ = {
			isa = XCConfigurationList;
			buildConfigurations = (
				3A69505A1DC4F75500735F6A /* Debug */,
				3A69505B1DC4F75500735F6A /* Release */,
			);
			defaultConfigurationIsVisible = 0;
			defaultConfigurationName = Release;
		};
		3A69505C1DC4F75500735F6A /* Build configuration list for PBXNativeTarget "BladeTests" */ = {
			isa = XCConfigurationList;
			buildConfigurations = (
				3A69505D1DC4F75500735F6A /* Debug */,
				3A69505E1DC4F75500735F6A /* Release */,
			);
			defaultConfigurationIsVisible = 0;
			defaultConfigurationName = Release;
		};
		3A69505F1DC4F75500735F6A /* Build configuration list for PBXNativeTarget "BladeUITests" */ = {
			isa = XCConfigurationList;
			buildConfigurations = (
				3A6950601DC4F75500735F6A /* Debug */,
				3A6950611DC4F75500735F6A /* Release */,
			);
			defaultConfigurationIsVisible = 0;
			defaultConfigurationName = Release;
		};
/* End XCConfigurationList section */
	};
	rootObject = 3A6950291DC4F75500735F6A /* Project object */;
}
